
Microsoft Visual Studio Solution File, Format Version 12.00
# Visual Studio Version 18
VisualStudioVersion = 18.3.11426.168
MinimumVisualStudioVersion = 10.0.40219.1
Project("{2150E333-8FDC-42A3-9474-1A3956D46DE8}") = "src", "src", "{B0000000-0000-0000-0000-000000000001}"
EndProject
Project("{2150E333-8FDC-42A3-9474-1A3956D46DE8}") = "tests", "tests", "{B0000000-0000-0000-0000-000000000002}"
EndProject
Project("{FAE04EC0-301F-11D3-BF4B-00C04F79EFBC}") = "SyncMaster.Core", "src\SyncMaster.Core\SyncMaster.Core.csproj", "{3B5C6D7E-8F90-4192-AB3C-4D5E6F708192}"
EndProject
Project("{FAE04EC0-301F-11D3-BF4B-00C04F79EFBC}") = "SyncMaster.Core.Tests", "tests\SyncMaster.Core.Tests\SyncMaster.Core.Tests.csproj", "{4C6D7E8F-9081-4203-BC4D-5E6F70819203}"
EndProject
Project("{FAE04EC0-301F-11D3-BF4B-00C04F79EFBC}") = "SyncMaster.Graph", "src\SyncMaster.Graph\SyncMaster.Graph.csproj", "{1B780B77-B292-4ED7-9DAC-5B5DA0AA00C7}"
EndProject
Project("{FAE04EC0-301F-11D3-BF4B-00C04F79EFBC}") = "SyncMaster.Graph.Tests", "tests\SyncMaster.Graph.Tests\SyncMaster.Graph.Tests.csproj", "{4FD1E840-E845-4710-87A0-85AF86347817}"
EndProject
Project("{FAE04EC0-301F-11D3-BF4B-00C04F79EFBC}") = "SyncMaster.Server", "src\SyncMaster.Server\SyncMaster.Server.csproj", "{B7B988AC-25B8-4556-BE57-D9E03827F0AD}"
EndProject
Project("{FAE04EC0-301F-11D3-BF4B-00C04F79EFBC}") = "SyncMaster.Server.Tests", "tests\SyncMaster.Server.Tests\SyncMaster.Server.Tests.csproj", "{33D2F867-9B9A-40A8-A400-CB0E094C76E8}"
EndProject
Project("{FAE04EC0-301F-11D3-BF4B-00C04F79EFBC}") = "SyncMaster.Engine", "src\SyncMaster.Engine\SyncMaster.Engine.csproj", "{8D2C7191-8A7A-44C6-8904-285CACFF79AD}"
EndProject
Project("{FAE04EC0-301F-11D3-BF4B-00C04F79EFBC}") = "SyncMaster.Engine.Tests", "tests\SyncMaster.Engine.Tests\SyncMaster.Engine.Tests.csproj", "{E55085E1-841B-46A3-8BE0-070E566087BD}"
EndProject
Project("{FAE04EC0-301F-11D3-BF4B-00C04F79EFBC}") = "SyncMaster.Cli", "src\SyncMaster.Cli\SyncMaster.Cli.csproj", "{65CDA011-89A4-4AC8-A002-E848EAF2A46C}"
EndProject
Project("{FAE04EC0-301F-11D3-BF4B-00C04F79EFBC}") = "SyncMaster.App", "src\SyncMaster.App\SyncMaster.App.csproj", "{C4B7264A-0D05-479D-AC13-2671028930B5}"
EndProject
Project("{FAE04EC0-301F-11D3-BF4B-00C04F79EFBC}") = "SyncMaster.App.Tests", "tests\SyncMaster.App.Tests\SyncMaster.App.Tests.csproj", "{5BF19D8F-345F-43AB-B975-C45733824A43}"
EndProject
Project("{FAE04EC0-301F-11D3-BF4B-00C04F79EFBC}") = "SyncMaster.CalExport", "src\SyncMaster.CalExport\SyncMaster.CalExport.csproj", "{F61FC11A-AAE9-4BDB-970A-3E5636F3DCCA}"
EndProject
Project("{FAE04EC0-301F-11D3-BF4B-00C04F79EFBC}") = "SyncMaster.CalImport", "src\SyncMaster.CalImport\SyncMaster.CalImport.csproj", "{D28A0E72-D7D4-4877-9D53-6C9F555C8211}"
EndProject
Project("{FAE04EC0-301F-11D3-BF4B-00C04F79EFBC}") = "SyncMaster.CalExport.Tests", "tests\SyncMaster.CalExport.Tests\SyncMaster.CalExport.Tests.csproj", "{B6493C99-806B-4A45-9C92-638B3DC83028}"
EndProject
Project("{FAE04EC0-301F-11D3-BF4B-00C04F79EFBC}") = "SyncMaster.CalImport.Tests", "tests\SyncMaster.CalImport.Tests\SyncMaster.CalImport.Tests.csproj", "{6F257AAE-151C-4A98-8372-0E7D960E3F0D}"
EndProject
Global
	GlobalSection(SolutionConfigurationPlatforms) = preSolution
		Debug|Any CPU = Debug|Any CPU
		Debug|x64 = Debug|x64
		Debug|x86 = Debug|x86
		Release|Any CPU = Release|Any CPU
		Release|x64 = Release|x64
		Release|x86 = Release|x86
	EndGlobalSection
	GlobalSection(ProjectConfigurationPlatforms) = postSolution
		{3B5C6D7E-8F90-4192-AB3C-4D5E6F708192}.Debug|Any CPU.ActiveCfg = Debug|Any CPU
		{3B5C6D7E-8F90-4192-AB3C-4D5E6F708192}.Debug|Any CPU.Build.0 = Debug|Any CPU
		{3B5C6D7E-8F90-4192-AB3C-4D5E6F708192}.Debug|x64.ActiveCfg = Debug|Any CPU
		{3B5C6D7E-8F90-4192-AB3C-4D5E6F708192}.Debug|x64.Build.0 = Debug|Any CPU
		{3B5C6D7E-8F90-4192-AB3C-4D5E6F708192}.Debug|x86.ActiveCfg = Debug|Any CPU
		{3B5C6D7E-8F90-4192-AB3C-4D5E6F708192}.Debug|x86.Build.0 = Debug|Any CPU
		{3B5C6D7E-8F90-4192-AB3C-4D5E6F708192}.Release|Any CPU.ActiveCfg = Release|Any CPU
		{3B5C6D7E-8F90-4192-AB3C-4D5E6F708192}.Release|Any CPU.Build.0 = Release|Any CPU
		{3B5C6D7E-8F90-4192-AB3C-4D5E6F708192}.Release|x64.ActiveCfg = Release|Any CPU
		{3B5C6D7E-8F90-4192-AB3C-4D5E6F708192}.Release|x64.Build.0 = Release|Any CPU
		{3B5C6D7E-8F90-4192-AB3C-4D5E6F708192}.Release|x86.ActiveCfg = Release|Any CPU
		{3B5C6D7E-8F90-4192-AB3C-4D5E6F708192}.Release|x86.Build.0 = Release|Any CPU
		{4C6D7E8F-9081-4203-BC4D-5E6F70819203}.Debug|Any CPU.ActiveCfg = Debug|Any CPU
		{4C6D7E8F-9081-4203-BC4D-5E6F70819203}.Debug|Any CPU.Build.0 = Debug|Any CPU
		{4C6D7E8F-9081-4203-BC4D-5E6F70819203}.Debug|x64.ActiveCfg = Debug|Any CPU
		{4C6D7E8F-9081-4203-BC4D-5E6F70819203}.Debug|x64.Build.0 = Debug|Any CPU
		{4C6D7E8F-9081-4203-BC4D-5E6F70819203}.Debug|x86.ActiveCfg = Debug|Any CPU
		{4C6D7E8F-9081-4203-BC4D-5E6F70819203}.Debug|x86.Build.0 = Debug|Any CPU
		{4C6D7E8F-9081-4203-BC4D-5E6F70819203}.Release|Any CPU.ActiveCfg = Release|Any CPU
		{4C6D7E8F-9081-4203-BC4D-5E6F70819203}.Release|Any CPU.Build.0 = Release|Any CPU
		{4C6D7E8F-9081-4203-BC4D-5E6F70819203}.Release|x64.ActiveCfg = Release|Any CPU
		{4C6D7E8F-9081-4203-BC4D-5E6F70819203}.Release|x64.Build.0 = Release|Any CPU
		{4C6D7E8F-9081-4203-BC4D-5E6F70819203}.Release|x86.ActiveCfg = Release|Any CPU
		{4C6D7E8F-9081-4203-BC4D-5E6F70819203}.Release|x86.Build.0 = Release|Any CPU
		{1B780B77-B292-4ED7-9DAC-5B5DA0AA00C7}.Debug|Any CPU.ActiveCfg = Debug|Any CPU
		{1B780B77-B292-4ED7-9DAC-5B5DA0AA00C7}.Debug|Any CPU.Build.0 = Debug|Any CPU
		{1B780B77-B292-4ED7-9DAC-5B5DA0AA00C7}.Debug|x64.ActiveCfg = Debug|Any CPU
		{1B780B77-B292-4ED7-9DAC-5B5DA0AA00C7}.Debug|x64.Build.0 = Debug|Any CPU
		{1B780B77-B292-4ED7-9DAC-5B5DA0AA00C7}.Debug|x86.ActiveCfg = Debug|Any CPU
		{1B780B77-B292-4ED7-9DAC-5B5DA0AA00C7}.Debug|x86.Build.0 = Debug|Any CPU
		{1B780B77-B292-4ED7-9DAC-5B5DA0AA00C7}.Release|Any CPU.ActiveCfg = Release|Any CPU
		{1B780B77-B292-4ED7-9DAC-5B5DA0AA00C7}.Release|Any CPU.Build.0 = Release|Any CPU
		{1B780B77-B292-4ED7-9DAC-5B5DA0AA00C7}.Release|x64.ActiveCfg = Release|Any CPU
		{1B780B77-B292-4ED7-9DAC-5B5DA0AA00C7}.Release|x64.Build.0 = Release|Any CPU
		{1B780B77-B292-4ED7-9DAC-5B5DA0AA00C7}.Release|x86.ActiveCfg = Release|Any CPU
		{1B780B77-B292-4ED7-9DAC-5B5DA0AA00C7}.Release|x86.Build.0 = Release|Any CPU
		{4FD1E840-E845-4710-87A0-85AF86347817}.Debug|Any CPU.ActiveCfg = Debug|Any CPU
		{4FD1E840-E845-4710-87A0-85AF86347817}.Debug|Any CPU.Build.0 = Debug|Any CPU
		{4FD1E840-E845-4710-87A0-85AF86347817}.Debug|x64.ActiveCfg = Debug|Any CPU
		{4FD1E840-E845-4710-87A0-85AF86347817}.Debug|x64.Build.0 = Debug|Any CPU
		{4FD1E840-E845-4710-87A0-85AF86347817}.Debug|x86.ActiveCfg = Debug|Any CPU
		{4FD1E840-E845-4710-87A0-85AF86347817}.Debug|x86.Build.0 = Debug|Any CPU
		{4FD1E840-E845-4710-87A0-85AF86347817}.Release|Any CPU.ActiveCfg = Release|Any CPU
		{4FD1E840-E845-4710-87A0-85AF86347817}.Release|Any CPU.Build.0 = Release|Any CPU
		{4FD1E840-E845-4710-87A0-85AF86347817}.Release|x64.ActiveCfg = Release|Any CPU
		{4FD1E840-E845-4710-87A0-85AF86347817}.Release|x64.Build.0 = Release|Any CPU
		{4FD1E840-E845-4710-87A0-85AF86347817}.Release|x86.ActiveCfg = Release|Any CPU
		{4FD1E840-E845-4710-87A0-85AF86347817}.Release|x86.Build.0 = Release|Any CPU
		{B7B988AC-25B8-4556-BE57-D9E03827F0AD}.Debug|Any CPU.ActiveCfg = Debug|Any CPU
		{B7B988AC-25B8-4556-BE57-D9E03827F0AD}.Debug|Any CPU.Build.0 = Debug|Any CPU
		{B7B988AC-25B8-4556-BE57-D9E03827F0AD}.Debug|x64.ActiveCfg = Debug|Any CPU
		{B7B988AC-25B8-4556-BE57-D9E03827F0AD}.Debug|x64.Build.0 = Debug|Any CPU
		{B7B988AC-25B8-4556-BE57-D9E03827F0AD}.Debug|x86.ActiveCfg = Debug|Any CPU
		{B7B988AC-25B8-4556-BE57-D9E03827F0AD}.Debug|x86.Build.0 = Debug|Any CPU
		{B7B988AC-25B8-4556-BE57-D9E03827F0AD}.Release|Any CPU.ActiveCfg = Release|Any CPU
		{B7B988AC-25B8-4556-BE57-D9E03827F0AD}.Release|Any CPU.Build.0 = Release|Any CPU
		{B7B988AC-25B8-4556-BE57-D9E03827F0AD}.Release|x64.ActiveCfg = Release|Any CPU
		{B7B988AC-25B8-4556-BE57-D9E03827F0AD}.Release|x64.Build.0 = Release|Any CPU
		{B7B988AC-25B8-4556-BE57-D9E03827F0AD}.Release|x86.ActiveCfg = Release|Any CPU
		{B7B988AC-25B8-4556-BE57-D9E03827F0AD}.Release|x86.Build.0 = Release|Any CPU
		{33D2F867-9B9A-40A8-A400-CB0E094C76E8}.Debug|Any CPU.ActiveCfg = Debug|Any CPU
		{33D2F867-9B9A-40A8-A400-CB0E094C76E8}.Debug|Any CPU.Build.0 = Debug|Any CPU
		{33D2F867-9B9A-40A8-A400-CB0E094C76E8}.Debug|x64.ActiveCfg = Debug|Any CPU
		{33D2F867-9B9A-40A8-A400-CB0E094C76E8}.Debug|x64.Build.0 = Debug|Any CPU
		{33D2F867-9B9A-40A8-A400-CB0E094C76E8}.Debug|x86.ActiveCfg = Debug|Any CPU
		{33D2F867-9B9A-40A8-A400-CB0E094C76E8}.Debug|x86.Build.0 = Debug|Any CPU
		{33D2F867-9B9A-40A8-A400-CB0E094C76E8}.Release|Any CPU.ActiveCfg = Release|Any CPU
		{33D2F867-9B9A-40A8-A400-CB0E094C76E8}.Release|Any CPU.Build.0 = Release|Any CPU
		{33D2F867-9B9A-40A8-A400-CB0E094C76E8}.Release|x64.ActiveCfg = Release|Any CPU
		{33D2F867-9B9A-40A8-A400-CB0E094C76E8}.Release|x64.Build.0 = Release|Any CPU
		{33D2F867-9B9A-40A8-A400-CB0E094C76E8}.Release|x86.ActiveCfg = Release|Any CPU
		{33D2F867-9B9A-40A8-A400-CB0E094C76E8}.Release|x86.Build.0 = Release|Any CPU
		{8D2C7191-8A7A-44C6-8904-285CACFF79AD}.Debug|Any CPU.ActiveCfg = Debug|Any CPU
		{8D2C7191-8A7A-44C6-8904-285CACFF79AD}.Debug|Any CPU.Build.0 = Debug|Any CPU
		{8D2C7191-8A7A-44C6-8904-285CACFF79AD}.Debug|x64.ActiveCfg = Debug|Any CPU
		{8D2C7191-8A7A-44C6-8904-285CACFF79AD}.Debug|x64.Build.0 = Debug|Any CPU
		{8D2C7191-8A7A-44C6-8904-285CACFF79AD}.Debug|x86.ActiveCfg = Debug|Any CPU
		{8D2C7191-8A7A-44C6-8904-285CACFF79AD}.Debug|x86.Build.0 = Debug|Any CPU
		{8D2C7191-8A7A-44C6-8904-285CACFF79AD}.Release|Any CPU.ActiveCfg = Release|Any CPU
		{8D2C7191-8A7A-44C6-8904-285CACFF79AD}.Release|Any CPU.Build.0 = Release|Any CPU
		{8D2C7191-8A7A-44C6-8904-285CACFF79AD}.Release|x64.ActiveCfg = Release|Any CPU
		{8D2C7191-8A7A-44C6-8904-285CACFF79AD}.Release|x64.Build.0 = Release|Any CPU
		{8D2C7191-8A7A-44C6-8904-285CACFF79AD}.Release|x86.ActiveCfg = Release|Any CPU
		{8D2C7191-8A7A-44C6-8904-285CACFF79AD}.Release|x86.Build.0 = Release|Any CPU
		{E55085E1-841B-46A3-8BE0-070E566087BD}.Debug|Any CPU.ActiveCfg = Debug|Any CPU
		{E55085E1-841B-46A3-8BE0-070E566087BD}.Debug|Any CPU.Build.0 = Debug|Any CPU
		{E55085E1-841B-46A3-8BE0-070E566087BD}.Debug|x64.ActiveCfg = Debug|Any CPU
		{E55085E1-841B-46A3-8BE0-070E566087BD}.Debug|x64.Build.0 = Debug|Any CPU
		{E55085E1-841B-46A3-8BE0-070E566087BD}.Debug|x86.ActiveCfg = Debug|Any CPU
		{E55085E1-841B-46A3-8BE0-070E566087BD}.Debug|x86.Build.0 = Debug|Any CPU
		{E55085E1-841B-46A3-8BE0-070E566087BD}.Release|Any CPU.ActiveCfg = Release|Any CPU
		{E55085E1-841B-46A3-8BE0-070E566087BD}.Release|Any CPU.Build.0 = Release|Any CPU
		{E55085E1-841B-46A3-8BE0-070E566087BD}.Release|x64.ActiveCfg = Release|Any CPU
		{E55085E1-841B-46A3-8BE0-070E566087BD}.Release|x64.Build.0 = Release|Any CPU
		{E55085E1-841B-46A3-8BE0-070E566087BD}.Release|x86.ActiveCfg = Release|Any CPU
		{E55085E1-841B-46A3-8BE0-070E566087BD}.Release|x86.Build.0 = Release|Any CPU
		{65CDA011-89A4-4AC8-A002-E848EAF2A46C}.Debug|Any CPU.ActiveCfg = Debug|Any CPU
		{65CDA011-89A4-4AC8-A002-E848EAF2A46C}.Debug|Any CPU.Build.0 = Debug|Any CPU
		{65CDA011-89A4-4AC8-A002-E848EAF2A46C}.Debug|x64.ActiveCfg = Debug|Any CPU
		{65CDA011-89A4-4AC8-A002-E848EAF2A46C}.Debug|x64.Build.0 = Debug|Any CPU
		{65CDA011-89A4-4AC8-A002-E848EAF2A46C}.Debug|x86.ActiveCfg = Debug|Any CPU
		{65CDA011-89A4-4AC8-A002-E848EAF2A46C}.Debug|x86.Build.0 = Debug|Any CPU
		{65CDA011-89A4-4AC8-A002-E848EAF2A46C}.Release|Any CPU.ActiveCfg = Release|Any CPU
		{65CDA011-89A4-4AC8-A002-E848EAF2A46C}.Release|Any CPU.Build.0 = Release|Any CPU
		{65CDA011-89A4-4AC8-A002-E848EAF2A46C}.Release|x64.ActiveCfg = Release|Any CPU
		{65CDA011-89A4-4AC8-A002-E848EAF2A46C}.Release|x64.Build.0 = Release|Any CPU
		{65CDA011-89A4-4AC8-A002-E848EAF2A46C}.Release|x86.ActiveCfg = Release|Any CPU
		{65CDA011-89A4-4AC8-A002-E848EAF2A46C}.Release|x86.Build.0 = Release|Any CPU
		{C4B7264A-0D05-479D-AC13-2671028930B5}.Debug|Any CPU.ActiveCfg = Debug|Any CPU
		{C4B7264A-0D05-479D-AC13-2671028930B5}.Debug|Any CPU.Build.0 = Debug|Any CPU
		{C4B7264A-0D05-479D-AC13-2671028930B5}.Debug|x64.ActiveCfg = Debug|Any CPU
		{C4B7264A-0D05-479D-AC13-2671028930B5}.Debug|x64.Build.0 = Debug|Any CPU
		{C4B7264A-0D05-479D-AC13-2671028930B5}.Debug|x86.ActiveCfg = Debug|Any CPU
		{C4B7264A-0D05-479D-AC13-2671028930B5}.Debug|x86.Build.0 = Debug|Any CPU
		{C4B7264A-0D05-479D-AC13-2671028930B5}.Release|Any CPU.ActiveCfg = Release|Any CPU
		{C4B7264A-0D05-479D-AC13-2671028930B5}.Release|Any CPU.Build.0 = Release|Any CPU
		{C4B7264A-0D05-479D-AC13-2671028930B5}.Release|x64.ActiveCfg = Release|Any CPU
		{C4B7264A-0D05-479D-AC13-2671028930B5}.Release|x64.Build.0 = Release|Any CPU
		{C4B7264A-0D05-479D-AC13-2671028930B5}.Release|x86.ActiveCfg = Release|Any CPU
		{C4B7264A-0D05-479D-AC13-2671028930B5}.Release|x86.Build.0 = Release|Any CPU
		{5BF19D8F-345F-43AB-B975-C45733824A43}.Debug|Any CPU.ActiveCfg = Debug|Any CPU
		{5BF19D8F-345F-43AB-B975-C45733824A43}.Debug|Any CPU.Build.0 = Debug|Any CPU
		{5BF19D8F-345F-43AB-B975-C45733824A43}.Debug|x64.ActiveCfg = Debug|Any CPU
		{5BF19D8F-345F-43AB-B975-C45733824A43}.Debug|x64.Build.0 = Debug|Any CPU
		{5BF19D8F-345F-43AB-B975-C45733824A43}.Debug|x86.ActiveCfg = Debug|Any CPU
		{5BF19D8F-345F-43AB-B975-C45733824A43}.Debug|x86.Build.0 = Debug|Any CPU
		{5BF19D8F-345F-43AB-B975-C45733824A43}.Release|Any CPU.ActiveCfg = Release|Any CPU
		{5BF19D8F-345F-43AB-B975-C45733824A43}.Release|Any CPU.Build.0 = Release|Any CPU
		{5BF19D8F-345F-43AB-B975-C45733824A43}.Release|x64.ActiveCfg = Release|Any CPU
		{5BF19D8F-345F-43AB-B975-C45733824A43}.Release|x64.Build.0 = Release|Any CPU
		{5BF19D8F-345F-43AB-B975-C45733824A43}.Release|x86.ActiveCfg = Release|Any CPU
		{5BF19D8F-345F-43AB-B975-C45733824A43}.Release|x86.Build.0 = Release|Any CPU
		{F61FC11A-AAE9-4BDB-970A-3E5636F3DCCA}.Debug|Any CPU.ActiveCfg = Debug|Any CPU
		{F61FC11A-AAE9-4BDB-970A-3E5636F3DCCA}.Debug|Any CPU.Build.0 = Debug|Any CPU
		{F61FC11A-AAE9-4BDB-970A-3E5636F3DCCA}.Debug|x64.ActiveCfg = Debug|Any CPU
		{F61FC11A-AAE9-4BDB-970A-3E5636F3DCCA}.Debug|x64.Build.0 = Debug|Any CPU
		{F61FC11A-AAE9-4BDB-970A-3E5636F3DCCA}.Debug|x86.ActiveCfg = Debug|Any CPU
		{F61FC11A-AAE9-4BDB-970A-3E5636F3DCCA}.Debug|x86.Build.0 = Debug|Any CPU
		{F61FC11A-AAE9-4BDB-970A-3E5636F3DCCA}.Release|Any CPU.ActiveCfg = Release|Any CPU
		{F61FC11A-AAE9-4BDB-970A-3E5636F3DCCA}.Release|Any CPU.Build.0 = Release|Any CPU
		{F61FC11A-AAE9-4BDB-970A-3E5636F3DCCA}.Release|x64.ActiveCfg = Release|Any CPU
		{F61FC11A-AAE9-4BDB-970A-3E5636F3DCCA}.Release|x64.Build.0 = Release|Any CPU
		{F61FC11A-AAE9-4BDB-970A-3E5636F3DCCA}.Release|x86.ActiveCfg = Release|Any CPU
		{F61FC11A-AAE9-4BDB-970A-3E5636F3DCCA}.Release|x86.Build.0 = Release|Any CPU
		{D28A0E72-D7D4-4877-9D53-6C9F555C8211}.Debug|Any CPU.ActiveCfg = Debug|Any CPU
		{D28A0E72-D7D4-4877-9D53-6C9F555C8211}.Debug|Any CPU.Build.0 = Debug|Any CPU
		{D28A0E72-D7D4-4877-9D53-6C9F555C8211}.Debug|x64.ActiveCfg = Debug|Any CPU
		{D28A0E72-D7D4-4877-9D53-6C9F555C8211}.Debug|x64.Build.0 = Debug|Any CPU
		{D28A0E72-D7D4-4877-9D53-6C9F555C8211}.Debug|x86.ActiveCfg = Debug|Any CPU
		{D28A0E72-D7D4-4877-9D53-6C9F555C8211}.Debug|x86.Build.0 = Debug|Any CPU
		{D28A0E72-D7D4-4877-9D53-6C9F555C8211}.Release|Any CPU.ActiveCfg = Release|Any CPU
		{D28A0E72-D7D4-4877-9D53-6C9F555C8211}.Release|Any CPU.Build.0 = Release|Any CPU
		{D28A0E72-D7D4-4877-9D53-6C9F555C8211}.Release|x64.ActiveCfg = Release|Any CPU
		{D28A0E72-D7D4-4877-9D53-6C9F555C8211}.Release|x64.Build.0 = Release|Any CPU
		{D28A0E72-D7D4-4877-9D53-6C9F555C8211}.Release|x86.ActiveCfg = Release|Any CPU
		{D28A0E72-D7D4-4877-9D53-6C9F555C8211}.Release|x86.Build.0 = Release|Any CPU
		{B6493C99-806B-4A45-9C92-638B3DC83028}.Debug|Any CPU.ActiveCfg = Debug|Any CPU
		{B6493C99-806B-4A45-9C92-638B3DC83028}.Debug|Any CPU.Build.0 = Debug|Any CPU
		{B6493C99-806B-4A45-9C92-638B3DC83028}.Debug|x64.ActiveCfg = Debug|Any CPU
		{B6493C99-806B-4A45-9C92-638B3DC83028}.Debug|x64.Build.0 = Debug|Any CPU
		{B6493C99-806B-4A45-9C92-638B3DC83028}.Debug|x86.ActiveCfg = Debug|Any CPU
		{B6493C99-806B-4A45-9C92-638B3DC83028}.Debug|x86.Build.0 = Debug|Any CPU
		{B6493C99-806B-4A45-9C92-638B3DC83028}.Release|Any CPU.ActiveCfg = Release|Any CPU
		{B6493C99-806B-4A45-9C92-638B3DC83028}.Release|Any CPU.Build.0 = Release|Any CPU
		{B6493C99-806B-4A45-9C92-638B3DC83028}.Release|x64.ActiveCfg = Release|Any CPU
		{B6493C99-806B-4A45-9C92-638B3DC83028}.Release|x64.Build.0 = Release|Any CPU
		{B6493C99-806B-4A45-9C92-638B3DC83028}.Release|x86.ActiveCfg = Release|Any CPU
		{B6493C99-806B-4A45-9C92-638B3DC83028}.Release|x86.Build.0 = Release|Any CPU
		{6F257AAE-151C-4A98-8372-0E7D960E3F0D}.Debug|Any CPU.ActiveCfg = Debug|Any CPU
		{6F257AAE-151C-4A98-8372-0E7D960E3F0D}.Debug|Any CPU.Build.0 = Debug|Any CPU
		{6F257AAE-151C-4A98-8372-0E7D960E3F0D}.Debug|x64.ActiveCfg = Debug|Any CPU
		{6F257AAE-151C-4A98-8372-0E7D960E3F0D}.Debug|x64.Build.0 = Debug|Any CPU
		{6F257AAE-151C-4A98-8372-0E7D960E3F0D}.Debug|x86.ActiveCfg = Debug|Any CPU
		{6F257AAE-151C-4A98-8372-0E7D960E3F0D}.Debug|x86.Build.0 = Debug|Any CPU
		{6F257AAE-151C-4A98-8372-0E7D960E3F0D}.Release|Any CPU.ActiveCfg = Release|Any CPU
		{6F257AAE-151C-4A98-8372-0E7D960E3F0D}.Release|Any CPU.Build.0 = Release|Any CPU
		{6F257AAE-151C-4A98-8372-0E7D960E3F0D}.Release|x64.ActiveCfg = Release|Any CPU
		{6F257AAE-151C-4A98-8372-0E7D960E3F0D}.Release|x64.Build.0 = Release|Any CPU
		{6F257AAE-151C-4A98-8372-0E7D960E3F0D}.Release|x86.ActiveCfg = Release|Any CPU
		{6F257AAE-151C-4A98-8372-0E7D960E3F0D}.Release|x86.Build.0 = Release|Any CPU
	EndGlobalSection
	GlobalSection(SolutionProperties) = preSolution
		HideSolutionNode = FALSE
	EndGlobalSection
	GlobalSection(NestedProjects) = preSolution
		{3B5C6D7E-8F90-4192-AB3C-4D5E6F708192} = {B0000000-0000-0000-0000-000000000001}
		{4C6D7E8F-9081-4203-BC4D-5E6F70819203} = {B0000000-0000-0000-0000-000000000002}
		{1B780B77-B292-4ED7-9DAC-5B5DA0AA00C7} = {B0000000-0000-0000-0000-000000000001}
		{4FD1E840-E845-4710-87A0-85AF86347817} = {B0000000-0000-0000-0000-000000000002}
		{B7B988AC-25B8-4556-BE57-D9E03827F0AD} = {B0000000-0000-0000-0000-000000000001}
		{33D2F867-9B9A-40A8-A400-CB0E094C76E8} = {B0000000-0000-0000-0000-000000000002}
		{8D2C7191-8A7A-44C6-8904-285CACFF79AD} = {B0000000-0000-0000-0000-000000000001}
		{E55085E1-841B-46A3-8BE0-070E566087BD} = {B0000000-0000-0000-0000-000000000002}
		{65CDA011-89A4-4AC8-A002-E848EAF2A46C} = {B0000000-0000-0000-0000-000000000001}
		{C4B7264A-0D05-479D-AC13-2671028930B5} = {B0000000-0000-0000-0000-000000000001}
		{5BF19D8F-345F-43AB-B975-C45733824A43} = {B0000000-0000-0000-0000-000000000002}
		{F61FC11A-AAE9-4BDB-970A-3E5636F3DCCA} = {B0000000-0000-0000-0000-000000000001}
		{D28A0E72-D7D4-4877-9D53-6C9F555C8211} = {B0000000-0000-0000-0000-000000000001}
		{B6493C99-806B-4A45-9C92-638B3DC83028} = {B0000000-0000-0000-0000-000000000002}
		{6F257AAE-151C-4A98-8372-0E7D960E3F0D} = {B0000000-0000-0000-0000-000000000002}
	EndGlobalSection
	GlobalSection(ExtensibilityGlobals) = postSolution
		SolutionGuid = {4C28F1A2-4630-4E20-BD4E-482CF7C2D6AF}
	EndGlobalSection
EndGlobal
