
Microsoft Visual Studio Solution File, Format Version 12.00
# Visual Studio Version 18
VisualStudioVersion = 18.3.11426.168
MinimumVisualStudioVersion = 10.0.40219.1
Project("{2150E333-8FDC-42A3-9474-1A3956D46DE8}") = "src", "src", "{827E0CD3-B72D-47B6-A68D-7590B98EB39B}"
EndProject
Project("{FAE04EC0-301F-11D3-BF4B-00C04F79EFBC}") = "ZyncMaster.Core", "src\ZyncMaster.Core\ZyncMaster.Core.csproj", "{094865DA-FCB6-456D-865F-A6DEA8A30977}"
EndProject
Project("{FAE04EC0-301F-11D3-BF4B-00C04F79EFBC}") = "ZyncMaster.Graph", "src\ZyncMaster.Graph\ZyncMaster.Graph.csproj", "{968E3A13-F0F2-442C-AC4F-0304C25D74FB}"
EndProject
Project("{FAE04EC0-301F-11D3-BF4B-00C04F79EFBC}") = "ZyncMaster.CalExport", "src\ZyncMaster.CalExport\ZyncMaster.CalExport.csproj", "{DCFF025F-4772-4AAB-8FF1-7E7299D1F52D}"
EndProject
Project("{FAE04EC0-301F-11D3-BF4B-00C04F79EFBC}") = "ZyncMaster.CalImport", "src\ZyncMaster.CalImport\ZyncMaster.CalImport.csproj", "{C315D67E-7DED-4BB9-AE33-F592FC66E6C5}"
EndProject
Project("{FAE04EC0-301F-11D3-BF4B-00C04F79EFBC}") = "ZyncMaster.Engine", "src\ZyncMaster.Engine\ZyncMaster.Engine.csproj", "{24789D6D-5A5C-4EEF-833F-D09292846469}"
EndProject
Project("{FAE04EC0-301F-11D3-BF4B-00C04F79EFBC}") = "ZyncMaster.Cli", "src\ZyncMaster.Cli\ZyncMaster.Cli.csproj", "{A50368B6-9856-4AF5-A555-DA3DC5DC4D0E}"
EndProject
Project("{FAE04EC0-301F-11D3-BF4B-00C04F79EFBC}") = "ZyncMaster.Server", "src\ZyncMaster.Server\ZyncMaster.Server.csproj", "{8AF94EF3-372D-43CE-BC0D-A250F391A361}"
EndProject
Project("{FAE04EC0-301F-11D3-BF4B-00C04F79EFBC}") = "ZyncMaster.App", "src\ZyncMaster.App\ZyncMaster.App.csproj", "{F248B111-F6C3-4B4A-8972-93B41AD6DAAF}"
EndProject
Project("{2150E333-8FDC-42A3-9474-1A3956D46DE8}") = "tests", "tests", "{0AB3BF05-4346-4AA6-1389-037BE0695223}"
EndProject
Project("{FAE04EC0-301F-11D3-BF4B-00C04F79EFBC}") = "ZyncMaster.Core.Tests", "tests\ZyncMaster.Core.Tests\ZyncMaster.Core.Tests.csproj", "{8A7B4C67-BEAD-47AC-B67E-E1453885BE49}"
EndProject
Project("{FAE04EC0-301F-11D3-BF4B-00C04F79EFBC}") = "ZyncMaster.Graph.Tests", "tests\ZyncMaster.Graph.Tests\ZyncMaster.Graph.Tests.csproj", "{E29278B5-9207-4DEA-BF60-D8AD091DCA37}"
EndProject
Project("{FAE04EC0-301F-11D3-BF4B-00C04F79EFBC}") = "ZyncMaster.CalExport.Tests", "tests\ZyncMaster.CalExport.Tests\ZyncMaster.CalExport.Tests.csproj", "{61488497-3C5E-4C38-8802-806DB73D5B24}"
EndProject
Project("{FAE04EC0-301F-11D3-BF4B-00C04F79EFBC}") = "ZyncMaster.CalImport.Tests", "tests\ZyncMaster.CalImport.Tests\ZyncMaster.CalImport.Tests.csproj", "{56BB2248-B8A2-4384-B37A-3B6CF460223D}"
EndProject
Project("{FAE04EC0-301F-11D3-BF4B-00C04F79EFBC}") = "ZyncMaster.Engine.Tests", "tests\ZyncMaster.Engine.Tests\ZyncMaster.Engine.Tests.csproj", "{A61995FB-856C-41DB-B471-793688313B46}"
EndProject
Project("{FAE04EC0-301F-11D3-BF4B-00C04F79EFBC}") = "ZyncMaster.Server.Tests", "tests\ZyncMaster.Server.Tests\ZyncMaster.Server.Tests.csproj", "{BBCC6B69-B9E9-4AB9-BDDE-621DFD0C99B1}"
EndProject
Project("{FAE04EC0-301F-11D3-BF4B-00C04F79EFBC}") = "ZyncMaster.App.Tests", "tests\ZyncMaster.App.Tests\ZyncMaster.App.Tests.csproj", "{CC7F3D12-53F3-45C1-9F33-2F6C3E8B5855}"
EndProject
Global
	GlobalSection(SolutionConfigurationPlatforms) = preSolution
		Debug|Any CPU = Debug|Any CPU
		Debug|x64 = Debug|x64
		Debug|x86 = Debug|x86
		Release|Any CPU = Release|Any CPU
		Release|x64 = Release|x64
		Release|x86 = Release|x86
	EndGlobalSection
	GlobalSection(ProjectConfigurationPlatforms) = postSolution
		{094865DA-FCB6-456D-865F-A6DEA8A30977}.Debug|Any CPU.ActiveCfg = Debug|Any CPU
		{094865DA-FCB6-456D-865F-A6DEA8A30977}.Debug|Any CPU.Build.0 = Debug|Any CPU
		{094865DA-FCB6-456D-865F-A6DEA8A30977}.Debug|x64.ActiveCfg = Debug|Any CPU
		{094865DA-FCB6-456D-865F-A6DEA8A30977}.Debug|x64.Build.0 = Debug|Any CPU
		{094865DA-FCB6-456D-865F-A6DEA8A30977}.Debug|x86.ActiveCfg = Debug|Any CPU
		{094865DA-FCB6-456D-865F-A6DEA8A30977}.Debug|x86.Build.0 = Debug|Any CPU
		{094865DA-FCB6-456D-865F-A6DEA8A30977}.Release|Any CPU.ActiveCfg = Release|Any CPU
		{094865DA-FCB6-456D-865F-A6DEA8A30977}.Release|Any CPU.Build.0 = Release|Any CPU
		{094865DA-FCB6-456D-865F-A6DEA8A30977}.Release|x64.ActiveCfg = Release|Any CPU
		{094865DA-FCB6-456D-865F-A6DEA8A30977}.Release|x64.Build.0 = Release|Any CPU
		{094865DA-FCB6-456D-865F-A6DEA8A30977}.Release|x86.ActiveCfg = Release|Any CPU
		{094865DA-FCB6-456D-865F-A6DEA8A30977}.Release|x86.Build.0 = Release|Any CPU
		{968E3A13-F0F2-442C-AC4F-0304C25D74FB}.Debug|Any CPU.ActiveCfg = Debug|Any CPU
		{968E3A13-F0F2-442C-AC4F-0304C25D74FB}.Debug|Any CPU.Build.0 = Debug|Any CPU
		{968E3A13-F0F2-442C-AC4F-0304C25D74FB}.Debug|x64.ActiveCfg = Debug|Any CPU
		{968E3A13-F0F2-442C-AC4F-0304C25D74FB}.Debug|x64.Build.0 = Debug|Any CPU
		{968E3A13-F0F2-442C-AC4F-0304C25D74FB}.Debug|x86.ActiveCfg = Debug|Any CPU
		{968E3A13-F0F2-442C-AC4F-0304C25D74FB}.Debug|x86.Build.0 = Debug|Any CPU
		{968E3A13-F0F2-442C-AC4F-0304C25D74FB}.Release|Any CPU.ActiveCfg = Release|Any CPU
		{968E3A13-F0F2-442C-AC4F-0304C25D74FB}.Release|Any CPU.Build.0 = Release|Any CPU
		{968E3A13-F0F2-442C-AC4F-0304C25D74FB}.Release|x64.ActiveCfg = Release|Any CPU
		{968E3A13-F0F2-442C-AC4F-0304C25D74FB}.Release|x64.Build.0 = Release|Any CPU
		{968E3A13-F0F2-442C-AC4F-0304C25D74FB}.Release|x86.ActiveCfg = Release|Any CPU
		{968E3A13-F0F2-442C-AC4F-0304C25D74FB}.Release|x86.Build.0 = Release|Any CPU
		{DCFF025F-4772-4AAB-8FF1-7E7299D1F52D}.Debug|Any CPU.ActiveCfg = Debug|Any CPU
		{DCFF025F-4772-4AAB-8FF1-7E7299D1F52D}.Debug|Any CPU.Build.0 = Debug|Any CPU
		{DCFF025F-4772-4AAB-8FF1-7E7299D1F52D}.Debug|x64.ActiveCfg = Debug|Any CPU
		{DCFF025F-4772-4AAB-8FF1-7E7299D1F52D}.Debug|x64.Build.0 = Debug|Any CPU
		{DCFF025F-4772-4AAB-8FF1-7E7299D1F52D}.Debug|x86.ActiveCfg = Debug|Any CPU
		{DCFF025F-4772-4AAB-8FF1-7E7299D1F52D}.Debug|x86.Build.0 = Debug|Any CPU
		{DCFF025F-4772-4AAB-8FF1-7E7299D1F52D}.Release|Any CPU.ActiveCfg = Release|Any CPU
		{DCFF025F-4772-4AAB-8FF1-7E7299D1F52D}.Release|Any CPU.Build.0 = Release|Any CPU
		{DCFF025F-4772-4AAB-8FF1-7E7299D1F52D}.Release|x64.ActiveCfg = Release|Any CPU
		{DCFF025F-4772-4AAB-8FF1-7E7299D1F52D}.Release|x64.Build.0 = Release|Any CPU
		{DCFF025F-4772-4AAB-8FF1-7E7299D1F52D}.Release|x86.ActiveCfg = Release|Any CPU
		{DCFF025F-4772-4AAB-8FF1-7E7299D1F52D}.Release|x86.Build.0 = Release|Any CPU
		{C315D67E-7DED-4BB9-AE33-F592FC66E6C5}.Debug|Any CPU.ActiveCfg = Debug|Any CPU
		{C315D67E-7DED-4BB9-AE33-F592FC66E6C5}.Debug|Any CPU.Build.0 = Debug|Any CPU
		{C315D67E-7DED-4BB9-AE33-F592FC66E6C5}.Debug|x64.ActiveCfg = Debug|Any CPU
		{C315D67E-7DED-4BB9-AE33-F592FC66E6C5}.Debug|x64.Build.0 = Debug|Any CPU
		{C315D67E-7DED-4BB9-AE33-F592FC66E6C5}.Debug|x86.ActiveCfg = Debug|Any CPU
		{C315D67E-7DED-4BB9-AE33-F592FC66E6C5}.Debug|x86.Build.0 = Debug|Any CPU
		{C315D67E-7DED-4BB9-AE33-F592FC66E6C5}.Release|Any CPU.ActiveCfg = Release|Any CPU
		{C315D67E-7DED-4BB9-AE33-F592FC66E6C5}.Release|Any CPU.Build.0 = Release|Any CPU
		{C315D67E-7DED-4BB9-AE33-F592FC66E6C5}.Release|x64.ActiveCfg = Release|Any CPU
		{C315D67E-7DED-4BB9-AE33-F592FC66E6C5}.Release|x64.Build.0 = Release|Any CPU
		{C315D67E-7DED-4BB9-AE33-F592FC66E6C5}.Release|x86.ActiveCfg = Release|Any CPU
		{C315D67E-7DED-4BB9-AE33-F592FC66E6C5}.Release|x86.Build.0 = Release|Any CPU
		{24789D6D-5A5C-4EEF-833F-D09292846469}.Debug|Any CPU.ActiveCfg = Debug|Any CPU
		{24789D6D-5A5C-4EEF-833F-D09292846469}.Debug|Any CPU.Build.0 = Debug|Any CPU
		{24789D6D-5A5C-4EEF-833F-D09292846469}.Debug|x64.ActiveCfg = Debug|Any CPU
		{24789D6D-5A5C-4EEF-833F-D09292846469}.Debug|x64.Build.0 = Debug|Any CPU
		{24789D6D-5A5C-4EEF-833F-D09292846469}.Debug|x86.ActiveCfg = Debug|Any CPU
		{24789D6D-5A5C-4EEF-833F-D09292846469}.Debug|x86.Build.0 = Debug|Any CPU
		{24789D6D-5A5C-4EEF-833F-D09292846469}.Release|Any CPU.ActiveCfg = Release|Any CPU
		{24789D6D-5A5C-4EEF-833F-D09292846469}.Release|Any CPU.Build.0 = Release|Any CPU
		{24789D6D-5A5C-4EEF-833F-D09292846469}.Release|x64.ActiveCfg = Release|Any CPU
		{24789D6D-5A5C-4EEF-833F-D09292846469}.Release|x64.Build.0 = Release|Any CPU
		{24789D6D-5A5C-4EEF-833F-D09292846469}.Release|x86.ActiveCfg = Release|Any CPU
		{24789D6D-5A5C-4EEF-833F-D09292846469}.Release|x86.Build.0 = Release|Any CPU
		{A50368B6-9856-4AF5-A555-DA3DC5DC4D0E}.Debug|Any CPU.ActiveCfg = Debug|Any CPU
		{A50368B6-9856-4AF5-A555-DA3DC5DC4D0E}.Debug|Any CPU.Build.0 = Debug|Any CPU
		{A50368B6-9856-4AF5-A555-DA3DC5DC4D0E}.Debug|x64.ActiveCfg = Debug|Any CPU
		{A50368B6-9856-4AF5-A555-DA3DC5DC4D0E}.Debug|x64.Build.0 = Debug|Any CPU
		{A50368B6-9856-4AF5-A555-DA3DC5DC4D0E}.Debug|x86.ActiveCfg = Debug|Any CPU
		{A50368B6-9856-4AF5-A555-DA3DC5DC4D0E}.Debug|x86.Build.0 = Debug|Any CPU
		{A50368B6-9856-4AF5-A555-DA3DC5DC4D0E}.Release|Any CPU.ActiveCfg = Release|Any CPU
		{A50368B6-9856-4AF5-A555-DA3DC5DC4D0E}.Release|Any CPU.Build.0 = Release|Any CPU
		{A50368B6-9856-4AF5-A555-DA3DC5DC4D0E}.Release|x64.ActiveCfg = Release|Any CPU
		{A50368B6-9856-4AF5-A555-DA3DC5DC4D0E}.Release|x64.Build.0 = Release|Any CPU
		{A50368B6-9856-4AF5-A555-DA3DC5DC4D0E}.Release|x86.ActiveCfg = Release|Any CPU
		{A50368B6-9856-4AF5-A555-DA3DC5DC4D0E}.Release|x86.Build.0 = Release|Any CPU
		{8AF94EF3-372D-43CE-BC0D-A250F391A361}.Debug|Any CPU.ActiveCfg = Debug|Any CPU
		{8AF94EF3-372D-43CE-BC0D-A250F391A361}.Debug|Any CPU.Build.0 = Debug|Any CPU
		{8AF94EF3-372D-43CE-BC0D-A250F391A361}.Debug|x64.ActiveCfg = Debug|Any CPU
		{8AF94EF3-372D-43CE-BC0D-A250F391A361}.Debug|x64.Build.0 = Debug|Any CPU
		{8AF94EF3-372D-43CE-BC0D-A250F391A361}.Debug|x86.ActiveCfg = Debug|Any CPU
		{8AF94EF3-372D-43CE-BC0D-A250F391A361}.Debug|x86.Build.0 = Debug|Any CPU
		{8AF94EF3-372D-43CE-BC0D-A250F391A361}.Release|Any CPU.ActiveCfg = Release|Any CPU
		{8AF94EF3-372D-43CE-BC0D-A250F391A361}.Release|Any CPU.Build.0 = Release|Any CPU
		{8AF94EF3-372D-43CE-BC0D-A250F391A361}.Release|x64.ActiveCfg = Release|Any CPU
		{8AF94EF3-372D-43CE-BC0D-A250F391A361}.Release|x64.Build.0 = Release|Any CPU
		{8AF94EF3-372D-43CE-BC0D-A250F391A361}.Release|x86.ActiveCfg = Release|Any CPU
		{8AF94EF3-372D-43CE-BC0D-A250F391A361}.Release|x86.Build.0 = Release|Any CPU
		{F248B111-F6C3-4B4A-8972-93B41AD6DAAF}.Debug|Any CPU.ActiveCfg = Debug|Any CPU
		{F248B111-F6C3-4B4A-8972-93B41AD6DAAF}.Debug|Any CPU.Build.0 = Debug|Any CPU
		{F248B111-F6C3-4B4A-8972-93B41AD6DAAF}.Debug|x64.ActiveCfg = Debug|Any CPU
		{F248B111-F6C3-4B4A-8972-93B41AD6DAAF}.Debug|x64.Build.0 = Debug|Any CPU
		{F248B111-F6C3-4B4A-8972-93B41AD6DAAF}.Debug|x86.ActiveCfg = Debug|Any CPU
		{F248B111-F6C3-4B4A-8972-93B41AD6DAAF}.Debug|x86.Build.0 = Debug|Any CPU
		{F248B111-F6C3-4B4A-8972-93B41AD6DAAF}.Release|Any CPU.ActiveCfg = Release|Any CPU
		{F248B111-F6C3-4B4A-8972-93B41AD6DAAF}.Release|Any CPU.Build.0 = Release|Any CPU
		{F248B111-F6C3-4B4A-8972-93B41AD6DAAF}.Release|x64.ActiveCfg = Release|Any CPU
		{F248B111-F6C3-4B4A-8972-93B41AD6DAAF}.Release|x64.Build.0 = Release|Any CPU
		{F248B111-F6C3-4B4A-8972-93B41AD6DAAF}.Release|x86.ActiveCfg = Release|Any CPU
		{F248B111-F6C3-4B4A-8972-93B41AD6DAAF}.Release|x86.Build.0 = Release|Any CPU
		{8A7B4C67-BEAD-47AC-B67E-E1453885BE49}.Debug|Any CPU.ActiveCfg = Debug|Any CPU
		{8A7B4C67-BEAD-47AC-B67E-E1453885BE49}.Debug|Any CPU.Build.0 = Debug|Any CPU
		{8A7B4C67-BEAD-47AC-B67E-E1453885BE49}.Debug|x64.ActiveCfg = Debug|Any CPU
		{8A7B4C67-BEAD-47AC-B67E-E1453885BE49}.Debug|x64.Build.0 = Debug|Any CPU
		{8A7B4C67-BEAD-47AC-B67E-E1453885BE49}.Debug|x86.ActiveCfg = Debug|Any CPU
		{8A7B4C67-BEAD-47AC-B67E-E1453885BE49}.Debug|x86.Build.0 = Debug|Any CPU
		{8A7B4C67-BEAD-47AC-B67E-E1453885BE49}.Release|Any CPU.ActiveCfg = Release|Any CPU
		{8A7B4C67-BEAD-47AC-B67E-E1453885BE49}.Release|Any CPU.Build.0 = Release|Any CPU
		{8A7B4C67-BEAD-47AC-B67E-E1453885BE49}.Release|x64.ActiveCfg = Release|Any CPU
		{8A7B4C67-BEAD-47AC-B67E-E1453885BE49}.Release|x64.Build.0 = Release|Any CPU
		{8A7B4C67-BEAD-47AC-B67E-E1453885BE49}.Release|x86.ActiveCfg = Release|Any CPU
		{8A7B4C67-BEAD-47AC-B67E-E1453885BE49}.Release|x86.Build.0 = Release|Any CPU
		{E29278B5-9207-4DEA-BF60-D8AD091DCA37}.Debug|Any CPU.ActiveCfg = Debug|Any CPU
		{E29278B5-9207-4DEA-BF60-D8AD091DCA37}.Debug|Any CPU.Build.0 = Debug|Any CPU
		{E29278B5-9207-4DEA-BF60-D8AD091DCA37}.Debug|x64.ActiveCfg = Debug|Any CPU
		{E29278B5-9207-4DEA-BF60-D8AD091DCA37}.Debug|x64.Build.0 = Debug|Any CPU
		{E29278B5-9207-4DEA-BF60-D8AD091DCA37}.Debug|x86.ActiveCfg = Debug|Any CPU
		{E29278B5-9207-4DEA-BF60-D8AD091DCA37}.Debug|x86.Build.0 = Debug|Any CPU
		{E29278B5-9207-4DEA-BF60-D8AD091DCA37}.Release|Any CPU.ActiveCfg = Release|Any CPU
		{E29278B5-9207-4DEA-BF60-D8AD091DCA37}.Release|Any CPU.Build.0 = Release|Any CPU
		{E29278B5-9207-4DEA-BF60-D8AD091DCA37}.Release|x64.ActiveCfg = Release|Any CPU
		{E29278B5-9207-4DEA-BF60-D8AD091DCA37}.Release|x64.Build.0 = Release|Any CPU
		{E29278B5-9207-4DEA-BF60-D8AD091DCA37}.Release|x86.ActiveCfg = Release|Any CPU
		{E29278B5-9207-4DEA-BF60-D8AD091DCA37}.Release|x86.Build.0 = Release|Any CPU
		{61488497-3C5E-4C38-8802-806DB73D5B24}.Debug|Any CPU.ActiveCfg = Debug|Any CPU
		{61488497-3C5E-4C38-8802-806DB73D5B24}.Debug|Any CPU.Build.0 = Debug|Any CPU
		{61488497-3C5E-4C38-8802-806DB73D5B24}.Debug|x64.ActiveCfg = Debug|Any CPU
		{61488497-3C5E-4C38-8802-806DB73D5B24}.Debug|x64.Build.0 = Debug|Any CPU
		{61488497-3C5E-4C38-8802-806DB73D5B24}.Debug|x86.ActiveCfg = Debug|Any CPU
		{61488497-3C5E-4C38-8802-806DB73D5B24}.Debug|x86.Build.0 = Debug|Any CPU
		{61488497-3C5E-4C38-8802-806DB73D5B24}.Release|Any CPU.ActiveCfg = Release|Any CPU
		{61488497-3C5E-4C38-8802-806DB73D5B24}.Release|Any CPU.Build.0 = Release|Any CPU
		{61488497-3C5E-4C38-8802-806DB73D5B24}.Release|x64.ActiveCfg = Release|Any CPU
		{61488497-3C5E-4C38-8802-806DB73D5B24}.Release|x64.Build.0 = Release|Any CPU
		{61488497-3C5E-4C38-8802-806DB73D5B24}.Release|x86.ActiveCfg = Release|Any CPU
		{61488497-3C5E-4C38-8802-806DB73D5B24}.Release|x86.Build.0 = Release|Any CPU
		{56BB2248-B8A2-4384-B37A-3B6CF460223D}.Debug|Any CPU.ActiveCfg = Debug|Any CPU
		{56BB2248-B8A2-4384-B37A-3B6CF460223D}.Debug|Any CPU.Build.0 = Debug|Any CPU
		{56BB2248-B8A2-4384-B37A-3B6CF460223D}.Debug|x64.ActiveCfg = Debug|Any CPU
		{56BB2248-B8A2-4384-B37A-3B6CF460223D}.Debug|x64.Build.0 = Debug|Any CPU
		{56BB2248-B8A2-4384-B37A-3B6CF460223D}.Debug|x86.ActiveCfg = Debug|Any CPU
		{56BB2248-B8A2-4384-B37A-3B6CF460223D}.Debug|x86.Build.0 = Debug|Any CPU
		{56BB2248-B8A2-4384-B37A-3B6CF460223D}.Release|Any CPU.ActiveCfg = Release|Any CPU
		{56BB2248-B8A2-4384-B37A-3B6CF460223D}.Release|Any CPU.Build.0 = Release|Any CPU
		{56BB2248-B8A2-4384-B37A-3B6CF460223D}.Release|x64.ActiveCfg = Release|Any CPU
		{56BB2248-B8A2-4384-B37A-3B6CF460223D}.Release|x64.Build.0 = Release|Any CPU
		{56BB2248-B8A2-4384-B37A-3B6CF460223D}.Release|x86.ActiveCfg = Release|Any CPU
		{56BB2248-B8A2-4384-B37A-3B6CF460223D}.Release|x86.Build.0 = Release|Any CPU
		{A61995FB-856C-41DB-B471-793688313B46}.Debug|Any CPU.ActiveCfg = Debug|Any CPU
		{A61995FB-856C-41DB-B471-793688313B46}.Debug|Any CPU.Build.0 = Debug|Any CPU
		{A61995FB-856C-41DB-B471-793688313B46}.Debug|x64.ActiveCfg = Debug|Any CPU
		{A61995FB-856C-41DB-B471-793688313B46}.Debug|x64.Build.0 = Debug|Any CPU
		{A61995FB-856C-41DB-B471-793688313B46}.Debug|x86.ActiveCfg = Debug|Any CPU
		{A61995FB-856C-41DB-B471-793688313B46}.Debug|x86.Build.0 = Debug|Any CPU
		{A61995FB-856C-41DB-B471-793688313B46}.Release|Any CPU.ActiveCfg = Release|Any CPU
		{A61995FB-856C-41DB-B471-793688313B46}.Release|Any CPU.Build.0 = Release|Any CPU
		{A61995FB-856C-41DB-B471-793688313B46}.Release|x64.ActiveCfg = Release|Any CPU
		{A61995FB-856C-41DB-B471-793688313B46}.Release|x64.Build.0 = Release|Any CPU
		{A61995FB-856C-41DB-B471-793688313B46}.Release|x86.ActiveCfg = Release|Any CPU
		{A61995FB-856C-41DB-B471-793688313B46}.Release|x86.Build.0 = Release|Any CPU
		{BBCC6B69-B9E9-4AB9-BDDE-621DFD0C99B1}.Debug|Any CPU.ActiveCfg = Debug|Any CPU
		{BBCC6B69-B9E9-4AB9-BDDE-621DFD0C99B1}.Debug|Any CPU.Build.0 = Debug|Any CPU
		{BBCC6B69-B9E9-4AB9-BDDE-621DFD0C99B1}.Debug|x64.ActiveCfg = Debug|Any CPU
		{BBCC6B69-B9E9-4AB9-BDDE-621DFD0C99B1}.Debug|x64.Build.0 = Debug|Any CPU
		{BBCC6B69-B9E9-4AB9-BDDE-621DFD0C99B1}.Debug|x86.ActiveCfg = Debug|Any CPU
		{BBCC6B69-B9E9-4AB9-BDDE-621DFD0C99B1}.Debug|x86.Build.0 = Debug|Any CPU
		{BBCC6B69-B9E9-4AB9-BDDE-621DFD0C99B1}.Release|Any CPU.ActiveCfg = Release|Any CPU
		{BBCC6B69-B9E9-4AB9-BDDE-621DFD0C99B1}.Release|Any CPU.Build.0 = Release|Any CPU
		{BBCC6B69-B9E9-4AB9-BDDE-621DFD0C99B1}.Release|x64.ActiveCfg = Release|Any CPU
		{BBCC6B69-B9E9-4AB9-BDDE-621DFD0C99B1}.Release|x64.Build.0 = Release|Any CPU
		{BBCC6B69-B9E9-4AB9-BDDE-621DFD0C99B1}.Release|x86.ActiveCfg = Release|Any CPU
		{BBCC6B69-B9E9-4AB9-BDDE-621DFD0C99B1}.Release|x86.Build.0 = Release|Any CPU
		{CC7F3D12-53F3-45C1-9F33-2F6C3E8B5855}.Debug|Any CPU.ActiveCfg = Debug|Any CPU
		{CC7F3D12-53F3-45C1-9F33-2F6C3E8B5855}.Debug|Any CPU.Build.0 = Debug|Any CPU
		{CC7F3D12-53F3-45C1-9F33-2F6C3E8B5855}.Debug|x64.ActiveCfg = Debug|Any CPU
		{CC7F3D12-53F3-45C1-9F33-2F6C3E8B5855}.Debug|x64.Build.0 = Debug|Any CPU
		{CC7F3D12-53F3-45C1-9F33-2F6C3E8B5855}.Debug|x86.ActiveCfg = Debug|Any CPU
		{CC7F3D12-53F3-45C1-9F33-2F6C3E8B5855}.Debug|x86.Build.0 = Debug|Any CPU
		{CC7F3D12-53F3-45C1-9F33-2F6C3E8B5855}.Release|Any CPU.ActiveCfg = Release|Any CPU
		{CC7F3D12-53F3-45C1-9F33-2F6C3E8B5855}.Release|Any CPU.Build.0 = Release|Any CPU
		{CC7F3D12-53F3-45C1-9F33-2F6C3E8B5855}.Release|x64.ActiveCfg = Release|Any CPU
		{CC7F3D12-53F3-45C1-9F33-2F6C3E8B5855}.Release|x64.Build.0 = Release|Any CPU
		{CC7F3D12-53F3-45C1-9F33-2F6C3E8B5855}.Release|x86.ActiveCfg = Release|Any CPU
		{CC7F3D12-53F3-45C1-9F33-2F6C3E8B5855}.Release|x86.Build.0 = Release|Any CPU
	EndGlobalSection
	GlobalSection(SolutionProperties) = preSolution
		HideSolutionNode = FALSE
	EndGlobalSection
	GlobalSection(NestedProjects) = preSolution
		{094865DA-FCB6-456D-865F-A6DEA8A30977} = {827E0CD3-B72D-47B6-A68D-7590B98EB39B}
		{968E3A13-F0F2-442C-AC4F-0304C25D74FB} = {827E0CD3-B72D-47B6-A68D-7590B98EB39B}
		{DCFF025F-4772-4AAB-8FF1-7E7299D1F52D} = {827E0CD3-B72D-47B6-A68D-7590B98EB39B}
		{C315D67E-7DED-4BB9-AE33-F592FC66E6C5} = {827E0CD3-B72D-47B6-A68D-7590B98EB39B}
		{24789D6D-5A5C-4EEF-833F-D09292846469} = {827E0CD3-B72D-47B6-A68D-7590B98EB39B}
		{A50368B6-9856-4AF5-A555-DA3DC5DC4D0E} = {827E0CD3-B72D-47B6-A68D-7590B98EB39B}
		{8AF94EF3-372D-43CE-BC0D-A250F391A361} = {827E0CD3-B72D-47B6-A68D-7590B98EB39B}
		{F248B111-F6C3-4B4A-8972-93B41AD6DAAF} = {827E0CD3-B72D-47B6-A68D-7590B98EB39B}
		{8A7B4C67-BEAD-47AC-B67E-E1453885BE49} = {0AB3BF05-4346-4AA6-1389-037BE0695223}
		{E29278B5-9207-4DEA-BF60-D8AD091DCA37} = {0AB3BF05-4346-4AA6-1389-037BE0695223}
		{61488497-3C5E-4C38-8802-806DB73D5B24} = {0AB3BF05-4346-4AA6-1389-037BE0695223}
		{56BB2248-B8A2-4384-B37A-3B6CF460223D} = {0AB3BF05-4346-4AA6-1389-037BE0695223}
		{A61995FB-856C-41DB-B471-793688313B46} = {0AB3BF05-4346-4AA6-1389-037BE0695223}
		{BBCC6B69-B9E9-4AB9-BDDE-621DFD0C99B1} = {0AB3BF05-4346-4AA6-1389-037BE0695223}
		{CC7F3D12-53F3-45C1-9F33-2F6C3E8B5855} = {0AB3BF05-4346-4AA6-1389-037BE0695223}
	EndGlobalSection
	GlobalSection(ExtensibilityGlobals) = postSolution
		SolutionGuid = {4C28F1A2-4630-4E20-BD4E-482CF7C2D6AF}
	EndGlobalSection
EndGlobal
